
Microsoft Visual Studio Solution File, Format Version 12.00
# Visual Studio Version 16
VisualStudioVersion = 16.0.30011.22
MinimumVisualStudioVersion = 10.0.40219.1
Project("{FAE04EC0-301F-11D3-BF4B-00C04F79EFBC}") = "WindowsFormsApp18", "WindowsFormsApp18\WindowsFormsApp18.csproj", "{64DA5CED-EA21-4F6D-B8C3-ABFCCAE15256}"
EndProject
Global
	GlobalSection(SolutionConfigurationPlatforms) = preSolution
		Debug|Any CPU = Debug|Any CPU
		Release|Any CPU = Release|Any CPU
	EndGlobalSection
	GlobalSection(ProjectConfigurationPlatforms) = postSolution
		{64DA5CED-EA21-4F6D-B8C3-ABFCCAE15256}.Debug|Any CPU.ActiveCfg = Debug|Any CPU
		{64DA5CED-EA21-4F6D-B8C3-ABFCCAE15256}.Debug|Any CPU.Build.0 = Debug|Any CPU
		{64DA5CED-EA21-4F6D-B8C3-ABFCCAE15256}.Release|Any CPU.ActiveCfg = Release|Any CPU
		{64DA5CED-EA21-4F6D-B8C3-ABFCCAE15256}.Release|Any CPU.Build.0 = Release|Any CPU
	EndGlobalSection
	GlobalSection(SolutionProperties) = preSolution
		HideSolutionNode = FALSE
	EndGlobalSection
	GlobalSection(ExtensibilityGlobals) = postSolution
		SolutionGuid = {6B46495A-93B3-48A8-B636-9A09C039211D}
	EndGlobalSection
EndGlobal
